
Microsoft Visual Studio Solution File, Format Version 12.00
# Visual Studio 14
VisualStudioVersion = 14.0.25123.0
MinimumVisualStudioVersion = 10.0.40219.1
Project("{FAE04EC0-301F-11D3-BF4B-00C04F79EFBC}") = "Lomha_App", "Lomha_App\Lomha_App.csproj", "{AB90C37E-B593-483F-956C-5E38CA9754D0}"
	ProjectSection(ProjectDependencies) = postProject
		{3DA6B99D-2D61-4D45-B916-F36B98A2CEE0} = {3DA6B99D-2D61-4D45-B916-F36B98A2CEE0}
	EndProjectSection
EndProject
Project("{FAE04EC0-301F-11D3-BF4B-00C04F79EFBC}") = "Lomha_Configuration_Mgr", "Lomha_Configuration_Mgr\Lomha_Configuration_Mgr.csproj", "{3DA6B99D-2D61-4D45-B916-F36B98A2CEE0}"
EndProject
Global
	GlobalSection(SolutionConfigurationPlatforms) = preSolution
		Debug|Any CPU = Debug|Any CPU
		Debug|ARM = Debug|ARM
		Debug|x64 = Debug|x64
		Debug|x86 = Debug|x86
		Release|Any CPU = Release|Any CPU
		Release|ARM = Release|ARM
		Release|x64 = Release|x64
		Release|x86 = Release|x86
	EndGlobalSection
	GlobalSection(ProjectConfigurationPlatforms) = postSolution
		{AB90C37E-B593-483F-956C-5E38CA9754D0}.Debug|Any CPU.ActiveCfg = Debug|x86
		{AB90C37E-B593-483F-956C-5E38CA9754D0}.Debug|ARM.ActiveCfg = Debug|ARM
		{AB90C37E-B593-483F-956C-5E38CA9754D0}.Debug|ARM.Build.0 = Debug|ARM
		{AB90C37E-B593-483F-956C-5E38CA9754D0}.Debug|ARM.Deploy.0 = Debug|ARM
		{AB90C37E-B593-483F-956C-5E38CA9754D0}.Debug|x64.ActiveCfg = Debug|x64
		{AB90C37E-B593-483F-956C-5E38CA9754D0}.Debug|x64.Build.0 = Debug|x64
		{AB90C37E-B593-483F-956C-5E38CA9754D0}.Debug|x64.Deploy.0 = Debug|x64
		{AB90C37E-B593-483F-956C-5E38CA9754D0}.Debug|x86.ActiveCfg = Debug|x86
		{AB90C37E-B593-483F-956C-5E38CA9754D0}.Debug|x86.Build.0 = Debug|x86
		{AB90C37E-B593-483F-956C-5E38CA9754D0}.Debug|x86.Deploy.0 = Debug|x86
		{AB90C37E-B593-483F-956C-5E38CA9754D0}.Release|Any CPU.ActiveCfg = Release|x86
		{AB90C37E-B593-483F-956C-5E38CA9754D0}.Release|ARM.ActiveCfg = Release|ARM
		{AB90C37E-B593-483F-956C-5E38CA9754D0}.Release|ARM.Build.0 = Release|ARM
		{AB90C37E-B593-483F-956C-5E38CA9754D0}.Release|ARM.Deploy.0 = Release|ARM
		{AB90C37E-B593-483F-956C-5E38CA9754D0}.Release|x64.ActiveCfg = Release|x64
		{AB90C37E-B593-483F-956C-5E38CA9754D0}.Release|x64.Build.0 = Release|x64
		{AB90C37E-B593-483F-956C-5E38CA9754D0}.Release|x64.Deploy.0 = Release|x64
		{AB90C37E-B593-483F-956C-5E38CA9754D0}.Release|x86.ActiveCfg = Release|x86
		{AB90C37E-B593-483F-956C-5E38CA9754D0}.Release|x86.Build.0 = Release|x86
		{AB90C37E-B593-483F-956C-5E38CA9754D0}.Release|x86.Deploy.0 = Release|x86
		{3DA6B99D-2D61-4D45-B916-F36B98A2CEE0}.Debug|Any CPU.ActiveCfg = Debug|Any CPU
		{3DA6B99D-2D61-4D45-B916-F36B98A2CEE0}.Debug|Any CPU.Build.0 = Debug|Any CPU
		{3DA6B99D-2D61-4D45-B916-F36B98A2CEE0}.Debug|ARM.ActiveCfg = Debug|Any CPU
		{3DA6B99D-2D61-4D45-B916-F36B98A2CEE0}.Debug|ARM.Build.0 = Debug|Any CPU
		{3DA6B99D-2D61-4D45-B916-F36B98A2CEE0}.Debug|x64.ActiveCfg = Debug|Any CPU
		{3DA6B99D-2D61-4D45-B916-F36B98A2CEE0}.Debug|x64.Build.0 = Debug|Any CPU
		{3DA6B99D-2D61-4D45-B916-F36B98A2CEE0}.Debug|x86.ActiveCfg = Debug|Any CPU
		{3DA6B99D-2D61-4D45-B916-F36B98A2CEE0}.Debug|x86.Build.0 = Debug|Any CPU
		{3DA6B99D-2D61-4D45-B916-F36B98A2CEE0}.Release|Any CPU.ActiveCfg = Release|Any CPU
		{3DA6B99D-2D61-4D45-B916-F36B98A2CEE0}.Release|Any CPU.Build.0 = Release|Any CPU
		{3DA6B99D-2D61-4D45-B916-F36B98A2CEE0}.Release|ARM.ActiveCfg = Release|Any CPU
		{3DA6B99D-2D61-4D45-B916-F36B98A2CEE0}.Release|ARM.Build.0 = Release|Any CPU
		{3DA6B99D-2D61-4D45-B916-F36B98A2CEE0}.Release|x64.ActiveCfg = Release|Any CPU
		{3DA6B99D-2D61-4D45-B916-F36B98A2CEE0}.Release|x64.Build.0 = Release|Any CPU
		{3DA6B99D-2D61-4D45-B916-F36B98A2CEE0}.Release|x86.ActiveCfg = Release|Any CPU
		{3DA6B99D-2D61-4D45-B916-F36B98A2CEE0}.Release|x86.Build.0 = Release|Any CPU
	EndGlobalSection
	GlobalSection(SolutionProperties) = preSolution
		HideSolutionNode = FALSE
	EndGlobalSection
EndGlobal
